// !$*UTF8*$!
{
	archiveVersion = 1;
	classes = {
	};
	objectVersion = 77;
	objects = {

/* Begin PBXBuildFile section */
		1D71723D2F5E29DB00D3B3EC /* AppDelegate.swift in Sources */ = {isa = PBXBuildFile; fileRef = 1D71723C2F5E29DB00D3B3EC /* AppDelegate.swift */; };
		1D7172412F5E29DB00D3B3EC /* Main.html in Resources */ = {isa = PBXBuildFile; fileRef = 1D71723F2F5E29DB00D3B3EC /* Main.html */; };
		1D7172432F5E29DB00D3B3EC /* Icon.png in Resources */ = {isa = PBXBuildFile; fileRef = 1D7172422F5E29DB00D3B3EC /* Icon.png */; };
		1D7172452F5E29DB00D3B3EC /* Style.css in Resources */ = {isa = PBXBuildFile; fileRef = 1D7172442F5E29DB00D3B3EC /* Style.css */; };
		1D7172472F5E29DB00D3B3EC /* Script.js in Resources */ = {isa = PBXBuildFile; fileRef = 1D7172462F5E29DB00D3B3EC /* Script.js */; };
		1D7172492F5E29DB00D3B3EC /* ViewController.swift in Sources */ = {isa = PBXBuildFile; fileRef = 1D7172482F5E29DB00D3B3EC /* ViewController.swift */; };
		1D71724C2F5E29DB00D3B3EC /* Main.storyboard in Resources */ = {isa = PBXBuildFile; fileRef = 1D71724A2F5E29DB00D3B3EC /* Main.storyboard */; };
		1D71724E2F5E29DB00D3B3EC /* Assets.xcassets in Resources */ = {isa = PBXBuildFile; fileRef = 1D71724D2F5E29DB00D3B3EC /* Assets.xcassets */; };
		1D7172552F5E29DB00D3B3EC /* PBS with BBA Compare Extension.appex in Embed Foundation Extensions */ = {isa = PBXBuildFile; fileRef = 1D7172542F5E29DB00D3B3EC /* PBS with BBA Compare Extension.appex */; settings = {ATTRIBUTES = (RemoveHeadersOnCopy, ); }; };
		1D71725A2F5E29DB00D3B3EC /* SafariWebExtensionHandler.swift in Sources */ = {isa = PBXBuildFile; fileRef = 1D7172592F5E29DB00D3B3EC /* SafariWebExtensionHandler.swift */; };
		1D7172702F5E29DC00D3B3EC /* iframe in Resources */ = {isa = PBXBuildFile; fileRef = 1D7172662F5E29DC00D3B3EC /* iframe */; };
		1D7172712F5E29DC00D3B3EC /* force-desktop.js in Resources */ = {isa = PBXBuildFile; fileRef = 1D7172672F5E29DC00D3B3EC /* force-desktop.js */; };
		1D7172722F5E29DC00D3B3EC /* jquery-3.5.1.min.js in Resources */ = {isa = PBXBuildFile; fileRef = 1D7172682F5E29DC00D3B3EC /* jquery-3.5.1.min.js */; };
		1D7172732F5E29DC00D3B3EC /* libs in Resources */ = {isa = PBXBuildFile; fileRef = 1D7172692F5E29DC00D3B3EC /* libs */; };
		1D7172742F5E29DC00D3B3EC /* main.js in Resources */ = {isa = PBXBuildFile; fileRef = 1D71726A2F5E29DC00D3B3EC /* main.js */; };
		1D7172752F5E29DC00D3B3EC /* icons in Resources */ = {isa = PBXBuildFile; fileRef = 1D71726B2F5E29DC00D3B3EC /* icons */; };
		1D7172762F5E29DC00D3B3EC /* manifest.json in Resources */ = {isa = PBXBuildFile; fileRef = 1D71726C2F5E29DC00D3B3EC /* manifest.json */; };
		1D7172772F5E29DC00D3B3EC /* force-desktop-main.js in Resources */ = {isa = PBXBuildFile; fileRef = 1D71726D2F5E29DC00D3B3EC /* force-desktop-main.js */; };
		1D7172782F5E29DC00D3B3EC /* BBOalert.css in Resources */ = {isa = PBXBuildFile; fileRef = 1D71726E2F5E29DC00D3B3EC /* BBOalert.css */; };
		1D7172792F5E29DC00D3B3EC /* PBSiframe.js in Resources */ = {isa = PBXBuildFile; fileRef = 1D71726F2F5E29DC00D3B3EC /* PBSiframe.js */; };
/* End PBXBuildFile section */

/* Begin PBXContainerItemProxy section */
		1D7172562F5E29DB00D3B3EC /* PBXContainerItemProxy */ = {
			isa = PBXContainerItemProxy;
			containerPortal = 1D7172312F5E29DB00D3B3EC /* Project object */;
			proxyType = 1;
			remoteGlobalIDString = 1D7172532F5E29DB00D3B3EC;
			remoteInfo = "PBS with BBA Compare Extension";
		};
/* End PBXContainerItemProxy section */

/* Begin PBXCopyFilesBuildPhase section */
		1D7172612F5E29DB00D3B3EC /* Embed Foundation Extensions */ = {
			isa = PBXCopyFilesBuildPhase;
			buildActionMask = 2147483647;
			dstPath = "";
			dstSubfolderSpec = 13;
			files = (
				1D7172552F5E29DB00D3B3EC /* PBS with BBA Compare Extension.appex in Embed Foundation Extensions */,
			);
			name = "Embed Foundation Extensions";
			runOnlyForDeploymentPostprocessing = 0;
		};
/* End PBXCopyFilesBuildPhase section */

/* Begin PBXFileReference section */
		1D7172392F5E29DB00D3B3EC /* PBS with BBA Compare.app */ = {isa = PBXFileReference; explicitFileType = wrapper.application; includeInIndex = 0; path = "PBS with BBA Compare.app"; sourceTree = BUILT_PRODUCTS_DIR; };
		1D71723C2F5E29DB00D3B3EC /* AppDelegate.swift */ = {isa = PBXFileReference; lastKnownFileType = sourcecode.swift; path = AppDelegate.swift; sourceTree = "<group>"; };
		1D7172402F5E29DB00D3B3EC /* Base */ = {isa = PBXFileReference; lastKnownFileType = text.html; name = Base; path = Base.lproj/Main.html; sourceTree = "<group>"; };
		1D7172422F5E29DB00D3B3EC /* Icon.png */ = {isa = PBXFileReference; lastKnownFileType = image.png; path = Icon.png; sourceTree = "<group>"; };
		1D7172442F5E29DB00D3B3EC /* Style.css */ = {isa = PBXFileReference; lastKnownFileType = text.css; path = Style.css; sourceTree = "<group>"; };
		1D7172462F5E29DB00D3B3EC /* Script.js */ = {isa = PBXFileReference; lastKnownFileType = sourcecode.javascript; path = Script.js; sourceTree = "<group>"; };
		1D7172482F5E29DB00D3B3EC /* ViewController.swift */ = {isa = PBXFileReference; lastKnownFileType = sourcecode.swift; path = ViewController.swift; sourceTree = "<group>"; };
		1D71724B2F5E29DB00D3B3EC /* Base */ = {isa = PBXFileReference; lastKnownFileType = file.storyboard; name = Base; path = Base.lproj/Main.storyboard; sourceTree = "<group>"; };
		1D71724D2F5E29DB00D3B3EC /* Assets.xcassets */ = {isa = PBXFileReference; lastKnownFileType = folder.assetcatalog; path = Assets.xcassets; sourceTree = "<group>"; };
		1D71724F2F5E29DB00D3B3EC /* Info.plist */ = {isa = PBXFileReference; lastKnownFileType = text.plist.xml; path = Info.plist; sourceTree = "<group>"; };
		1D7172542F5E29DB00D3B3EC /* PBS with BBA Compare Extension.appex */ = {isa = PBXFileReference; explicitFileType = "wrapper.app-extension"; includeInIndex = 0; path = "PBS with BBA Compare Extension.appex"; sourceTree = BUILT_PRODUCTS_DIR; };
		1D7172592F5E29DB00D3B3EC /* SafariWebExtensionHandler.swift */ = {isa = PBXFileReference; lastKnownFileType = sourcecode.swift; path = SafariWebExtensionHandler.swift; sourceTree = "<group>"; };
		1D71725B2F5E29DB00D3B3EC /* Info.plist */ = {isa = PBXFileReference; lastKnownFileType = text.plist.xml; path = Info.plist; sourceTree = "<group>"; };
		1D7172662F5E29DC00D3B3EC /* iframe */ = {isa = PBXFileReference; lastKnownFileType = folder; name = iframe; path = Resources/iframe; sourceTree = "<group>"; };
		1D7172672F5E29DC00D3B3EC /* force-desktop.js */ = {isa = PBXFileReference; lastKnownFileType = sourcecode.javascript; name = "force-desktop.js"; path = "Resources/force-desktop.js"; sourceTree = "<group>"; };
		1D7172682F5E29DC00D3B3EC /* jquery-3.5.1.min.js */ = {isa = PBXFileReference; lastKnownFileType = sourcecode.javascript; name = "jquery-3.5.1.min.js"; path = "Resources/jquery-3.5.1.min.js"; sourceTree = "<group>"; };
		1D7172692F5E29DC00D3B3EC /* libs */ = {isa = PBXFileReference; lastKnownFileType = folder; name = libs; path = Resources/libs; sourceTree = "<group>"; };
		1D71726A2F5E29DC00D3B3EC /* main.js */ = {isa = PBXFileReference; lastKnownFileType = sourcecode.javascript; name = main.js; path = Resources/main.js; sourceTree = "<group>"; };
		1D71726B2F5E29DC00D3B3EC /* icons */ = {isa = PBXFileReference; lastKnownFileType = folder; name = icons; path = Resources/icons; sourceTree = "<group>"; };
		1D71726C2F5E29DC00D3B3EC /* manifest.json */ = {isa = PBXFileReference; lastKnownFileType = text.json; name = manifest.json; path = Resources/manifest.json; sourceTree = "<group>"; };
		1D71726D2F5E29DC00D3B3EC /* force-desktop-main.js */ = {isa = PBXFileReference; lastKnownFileType = sourcecode.javascript; name = "force-desktop-main.js"; path = "Resources/force-desktop-main.js"; sourceTree = "<group>"; };
		1D71726E2F5E29DC00D3B3EC /* BBOalert.css */ = {isa = PBXFileReference; lastKnownFileType = text.css; name = BBOalert.css; path = Resources/BBOalert.css; sourceTree = "<group>"; };
		1D71726F2F5E29DC00D3B3EC /* PBSiframe.js */ = {isa = PBXFileReference; lastKnownFileType = sourcecode.javascript; name = PBSiframe.js; path = Resources/PBSiframe.js; sourceTree = "<group>"; };
/* End PBXFileReference section */

/* Begin PBXFrameworksBuildPhase section */
		1D7172362F5E29DB00D3B3EC /* Frameworks */ = {
			isa = PBXFrameworksBuildPhase;
			buildActionMask = 2147483647;
			files = (
			);
			runOnlyForDeploymentPostprocessing = 0;
		};
		1D7172512F5E29DB00D3B3EC /* Frameworks */ = {
			isa = PBXFrameworksBuildPhase;
			buildActionMask = 2147483647;
			files = (
			);
			runOnlyForDeploymentPostprocessing = 0;
		};
/* End PBXFrameworksBuildPhase section */

/* Begin PBXGroup section */
		1D7172302F5E29DB00D3B3EC = {
			isa = PBXGroup;
			children = (
				1D71723B2F5E29DB00D3B3EC /* PBS with BBA Compare */,
				1D7172582F5E29DB00D3B3EC /* PBS with BBA Compare Extension */,
				1D71723A2F5E29DB00D3B3EC /* Products */,
			);
			sourceTree = "<group>";
		};
		1D71723A2F5E29DB00D3B3EC /* Products */ = {
			isa = PBXGroup;
			children = (
				1D7172392F5E29DB00D3B3EC /* PBS with BBA Compare.app */,
				1D7172542F5E29DB00D3B3EC /* PBS with BBA Compare Extension.appex */,
			);
			name = Products;
			sourceTree = "<group>";
		};
		1D71723B2F5E29DB00D3B3EC /* PBS with BBA Compare */ = {
			isa = PBXGroup;
			children = (
				1D71723C2F5E29DB00D3B3EC /* AppDelegate.swift */,
				1D7172482F5E29DB00D3B3EC /* ViewController.swift */,
				1D71724A2F5E29DB00D3B3EC /* Main.storyboard */,
				1D71724D2F5E29DB00D3B3EC /* Assets.xcassets */,
				1D71724F2F5E29DB00D3B3EC /* Info.plist */,
				1D71723E2F5E29DB00D3B3EC /* Resources */,
			);
			path = "PBS with BBA Compare";
			sourceTree = "<group>";
		};
		1D71723E2F5E29DB00D3B3EC /* Resources */ = {
			isa = PBXGroup;
			children = (
				1D71723F2F5E29DB00D3B3EC /* Main.html */,
				1D7172422F5E29DB00D3B3EC /* Icon.png */,
				1D7172442F5E29DB00D3B3EC /* Style.css */,
				1D7172462F5E29DB00D3B3EC /* Script.js */,
			);
			path = Resources;
			sourceTree = "<group>";
		};
		1D7172582F5E29DB00D3B3EC /* PBS with BBA Compare Extension */ = {
			isa = PBXGroup;
			children = (
				1D7172652F5E29DC00D3B3EC /* Resources */,
				1D7172592F5E29DB00D3B3EC /* SafariWebExtensionHandler.swift */,
				1D71725B2F5E29DB00D3B3EC /* Info.plist */,
			);
			path = "PBS with BBA Compare Extension";
			sourceTree = "<group>";
		};
		1D7172652F5E29DC00D3B3EC /* Resources */ = {
			isa = PBXGroup;
			children = (
				1D7172662F5E29DC00D3B3EC /* iframe */,
				1D7172672F5E29DC00D3B3EC /* force-desktop.js */,
				1D7172682F5E29DC00D3B3EC /* jquery-3.5.1.min.js */,
				1D7172692F5E29DC00D3B3EC /* libs */,
				1D71726A2F5E29DC00D3B3EC /* main.js */,
				1D71726B2F5E29DC00D3B3EC /* icons */,
				1D71726C2F5E29DC00D3B3EC /* manifest.json */,
				1D71726D2F5E29DC00D3B3EC /* force-desktop-main.js */,
				1D71726E2F5E29DC00D3B3EC /* BBOalert.css */,
				1D71726F2F5E29DC00D3B3EC /* PBSiframe.js */,
			);
			name = Resources;
			path = "PBS with BBA Compare Extension";
			sourceTree = SOURCE_ROOT;
		};
/* End PBXGroup section */

/* Begin PBXNativeTarget section */
		1D7172382F5E29DB00D3B3EC /* PBS with BBA Compare */ = {
			isa = PBXNativeTarget;
			buildConfigurationList = 1D7172622F5E29DB00D3B3EC /* Build configuration list for PBXNativeTarget "PBS with BBA Compare" */;
			buildPhases = (
				1D7172352F5E29DB00D3B3EC /* Sources */,
				1D7172362F5E29DB00D3B3EC /* Frameworks */,
				1D7172372F5E29DB00D3B3EC /* Resources */,
				1D7172612F5E29DB00D3B3EC /* Embed Foundation Extensions */,
			);
			buildRules = (
			);
			dependencies = (
				1D7172572F5E29DB00D3B3EC /* PBXTargetDependency */,
			);
			name = "PBS with BBA Compare";
			packageProductDependencies = (
			);
			productName = "PBS with BBA Compare";
			productReference = 1D7172392F5E29DB00D3B3EC /* PBS with BBA Compare.app */;
			productType = "com.apple.product-type.application";
		};
		1D7172532F5E29DB00D3B3EC /* PBS with BBA Compare Extension */ = {
			isa = PBXNativeTarget;
			buildConfigurationList = 1D71725E2F5E29DB00D3B3EC /* Build configuration list for PBXNativeTarget "PBS with BBA Compare Extension" */;
			buildPhases = (
				1D7172502F5E29DB00D3B3EC /* Sources */,
				1D7172512F5E29DB00D3B3EC /* Frameworks */,
				1D7172522F5E29DB00D3B3EC /* Resources */,
			);
			buildRules = (
			);
			dependencies = (
			);
			name = "PBS with BBA Compare Extension";
			packageProductDependencies = (
			);
			productName = "PBS with BBA Compare Extension";
			productReference = 1D7172542F5E29DB00D3B3EC /* PBS with BBA Compare Extension.appex */;
			productType = "com.apple.product-type.app-extension";
		};
/* End PBXNativeTarget section */

/* Begin PBXProject section */
		1D7172312F5E29DB00D3B3EC /* Project object */ = {
			isa = PBXProject;
			attributes = {
				BuildIndependentTargetsInParallel = 1;
				LastSwiftUpdateCheck = 2630;
				LastUpgradeCheck = 2630;
				TargetAttributes = {
					1D7172382F5E29DB00D3B3EC = {
						CreatedOnToolsVersion = 26.3;
					};
					1D7172532F5E29DB00D3B3EC = {
						CreatedOnToolsVersion = 26.3;
					};
				};
			};
			buildConfigurationList = 1D7172342F5E29DB00D3B3EC /* Build configuration list for PBXProject "PBS with BBA Compare" */;
			developmentRegion = en;
			hasScannedForEncodings = 0;
			knownRegions = (
				en,
				Base,
			);
			mainGroup = 1D7172302F5E29DB00D3B3EC;
			minimizedProjectReferenceProxies = 1;
			preferredProjectObjectVersion = 77;
			productRefGroup = 1D71723A2F5E29DB00D3B3EC /* Products */;
			projectDirPath = "";
			projectRoot = "";
			targets = (
				1D7172382F5E29DB00D3B3EC /* PBS with BBA Compare */,
				1D7172532F5E29DB00D3B3EC /* PBS with BBA Compare Extension */,
			);
		};
/* End PBXProject section */

/* Begin PBXResourcesBuildPhase section */
		1D7172372F5E29DB00D3B3EC /* Resources */ = {
			isa = PBXResourcesBuildPhase;
			buildActionMask = 2147483647;
			files = (
				1D7172432F5E29DB00D3B3EC /* Icon.png in Resources */,
				1D71724C2F5E29DB00D3B3EC /* Main.storyboard in Resources */,
				1D7172472F5E29DB00D3B3EC /* Script.js in Resources */,
				1D7172412F5E29DB00D3B3EC /* Main.html in Resources */,
				1D71724E2F5E29DB00D3B3EC /* Assets.xcassets in Resources */,
				1D7172452F5E29DB00D3B3EC /* Style.css in Resources */,
			);
			runOnlyForDeploymentPostprocessing = 0;
		};
		1D7172522F5E29DB00D3B3EC /* Resources */ = {
			isa = PBXResourcesBuildPhase;
			buildActionMask = 2147483647;
			files = (
				1D7172772F5E29DC00D3B3EC /* force-desktop-main.js in Resources */,
				1D7172702F5E29DC00D3B3EC /* iframe in Resources */,
				1D7172762F5E29DC00D3B3EC /* manifest.json in Resources */,
				1D7172712F5E29DC00D3B3EC /* force-desktop.js in Resources */,
				1D7172732F5E29DC00D3B3EC /* libs in Resources */,
				1D7172752F5E29DC00D3B3EC /* icons in Resources */,
				1D7172792F5E29DC00D3B3EC /* PBSiframe.js in Resources */,
				1D7172722F5E29DC00D3B3EC /* jquery-3.5.1.min.js in Resources */,
				1D7172742F5E29DC00D3B3EC /* main.js in Resources */,
				1D7172782F5E29DC00D3B3EC /* BBOalert.css in Resources */,
			);
			runOnlyForDeploymentPostprocessing = 0;
		};
/* End PBXResourcesBuildPhase section */

/* Begin PBXSourcesBuildPhase section */
		1D7172352F5E29DB00D3B3EC /* Sources */ = {
			isa = PBXSourcesBuildPhase;
			buildActionMask = 2147483647;
			files = (
				1D7172492F5E29DB00D3B3EC /* ViewController.swift in Sources */,
				1D71723D2F5E29DB00D3B3EC /* AppDelegate.swift in Sources */,
			);
			runOnlyForDeploymentPostprocessing = 0;
		};
		1D7172502F5E29DB00D3B3EC /* Sources */ = {
			isa = PBXSourcesBuildPhase;
			buildActionMask = 2147483647;
			files = (
				1D71725A2F5E29DB00D3B3EC /* SafariWebExtensionHandler.swift in Sources */,
			);
			runOnlyForDeploymentPostprocessing = 0;
		};
/* End PBXSourcesBuildPhase section */

/* Begin PBXTargetDependency section */
		1D7172572F5E29DB00D3B3EC /* PBXTargetDependency */ = {
			isa = PBXTargetDependency;
			target = 1D7172532F5E29DB00D3B3EC /* PBS with BBA Compare Extension */;
			targetProxy = 1D7172562F5E29DB00D3B3EC /* PBXContainerItemProxy */;
		};
/* End PBXTargetDependency section */

/* Begin PBXVariantGroup section */
		1D71723F2F5E29DB00D3B3EC /* Main.html */ = {
			isa = PBXVariantGroup;
			children = (
				1D7172402F5E29DB00D3B3EC /* Base */,
			);
			name = Main.html;
			sourceTree = "<group>";
		};
		1D71724A2F5E29DB00D3B3EC /* Main.storyboard */ = {
			isa = PBXVariantGroup;
			children = (
				1D71724B2F5E29DB00D3B3EC /* Base */,
			);
			name = Main.storyboard;
			sourceTree = "<group>";
		};
/* End PBXVariantGroup section */

/* Begin XCBuildConfiguration section */
		1D71725C2F5E29DB00D3B3EC /* Debug */ = {
			isa = XCBuildConfiguration;
			buildSettings = {
				ALWAYS_SEARCH_USER_PATHS = NO;
				ASSETCATALOG_COMPILER_GENERATE_SWIFT_ASSET_SYMBOL_EXTENSIONS = YES;
				CLANG_ANALYZER_NONNULL = YES;
				CLANG_ANALYZER_NUMBER_OBJECT_CONVERSION = YES_AGGRESSIVE;
				CLANG_CXX_LANGUAGE_STANDARD = "gnu++20";
				CLANG_ENABLE_MODULES = YES;
				CLANG_ENABLE_OBJC_ARC = YES;
				CLANG_ENABLE_OBJC_WEAK = YES;
				CLANG_WARN_BLOCK_CAPTURE_AUTORELEASING = YES;
				CLANG_WARN_BOOL_CONVERSION = YES;
				CLANG_WARN_COMMA = YES;
				CLANG_WARN_CONSTANT_CONVERSION = YES;
				CLANG_WARN_DEPRECATED_OBJC_IMPLEMENTATIONS = YES;
				CLANG_WARN_DIRECT_OBJC_ISA_USAGE = YES_ERROR;
				CLANG_WARN_DOCUMENTATION_COMMENTS = YES;
				CLANG_WARN_EMPTY_BODY = YES;
				CLANG_WARN_ENUM_CONVERSION = YES;
				CLANG_WARN_INFINITE_RECURSION = YES;
				CLANG_WARN_INT_CONVERSION = YES;
				CLANG_WARN_NON_LITERAL_NULL_CONVERSION = YES;
				CLANG_WARN_OBJC_IMPLICIT_RETAIN_SELF = YES;
				CLANG_WARN_OBJC_LITERAL_CONVERSION = YES;
				CLANG_WARN_OBJC_ROOT_CLASS = YES_ERROR;
				CLANG_WARN_QUOTED_INCLUDE_IN_FRAMEWORK_HEADER = YES;
				CLANG_WARN_RANGE_LOOP_ANALYSIS = YES;
				CLANG_WARN_STRICT_PROTOTYPES = YES;
				CLANG_WARN_SUSPICIOUS_MOVE = YES;
				CLANG_WARN_UNGUARDED_AVAILABILITY = YES_AGGRESSIVE;
				CLANG_WARN_UNREACHABLE_CODE = YES;
				CLANG_WARN__DUPLICATE_METHOD_MATCH = YES;
				COPY_PHASE_STRIP = NO;
				DEBUG_INFORMATION_FORMAT = dwarf;
				ENABLE_STRICT_OBJC_MSGSEND = YES;
				ENABLE_TESTABILITY = YES;
				ENABLE_USER_SCRIPT_SANDBOXING = YES;
				GCC_C_LANGUAGE_STANDARD = gnu17;
				GCC_DYNAMIC_NO_PIC = NO;
				GCC_NO_COMMON_BLOCKS = YES;
				GCC_OPTIMIZATION_LEVEL = 0;
				GCC_PREPROCESSOR_DEFINITIONS = (
					"DEBUG=1",
					"$(inherited)",
				);
				GCC_WARN_64_TO_32_BIT_CONVERSION = YES;
				GCC_WARN_ABOUT_RETURN_TYPE = YES_ERROR;
				GCC_WARN_UNDECLARED_SELECTOR = YES;
				GCC_WARN_UNINITIALIZED_AUTOS = YES_AGGRESSIVE;
				GCC_WARN_UNUSED_FUNCTION = YES;
				GCC_WARN_UNUSED_VARIABLE = YES;
				LOCALIZATION_PREFERS_STRING_CATALOGS = YES;
				MACOSX_DEPLOYMENT_TARGET = 26.2;
				MTL_ENABLE_DEBUG_INFO = INCLUDE_SOURCE;
				MTL_FAST_MATH = YES;
				ONLY_ACTIVE_ARCH = YES;
				SDKROOT = macosx;
				SWIFT_ACTIVE_COMPILATION_CONDITIONS = "DEBUG $(inherited)";
				SWIFT_OPTIMIZATION_LEVEL = "-Onone";
			};
			name = Debug;
		};
		1D71725D2F5E29DB00D3B3EC /* Release */ = {
			isa = XCBuildConfiguration;
			buildSettings = {
				ALWAYS_SEARCH_USER_PATHS = NO;
				ASSETCATALOG_COMPILER_GENERATE_SWIFT_ASSET_SYMBOL_EXTENSIONS = YES;
				CLANG_ANALYZER_NONNULL = YES;
				CLANG_ANALYZER_NUMBER_OBJECT_CONVERSION = YES_AGGRESSIVE;
				CLANG_CXX_LANGUAGE_STANDARD = "gnu++20";
				CLANG_ENABLE_MODULES = YES;
				CLANG_ENABLE_OBJC_ARC = YES;
				CLANG_ENABLE_OBJC_WEAK = YES;
				CLANG_WARN_BLOCK_CAPTURE_AUTORELEASING = YES;
				CLANG_WARN_BOOL_CONVERSION = YES;
				CLANG_WARN_COMMA = YES;
				CLANG_WARN_CONSTANT_CONVERSION = YES;
				CLANG_WARN_DEPRECATED_OBJC_IMPLEMENTATIONS = YES;
				CLANG_WARN_DIRECT_OBJC_ISA_USAGE = YES_ERROR;
				CLANG_WARN_DOCUMENTATION_COMMENTS = YES;
				CLANG_WARN_EMPTY_BODY = YES;
				CLANG_WARN_ENUM_CONVERSION = YES;
				CLANG_WARN_INFINITE_RECURSION = YES;
				CLANG_WARN_INT_CONVERSION = YES;
				CLANG_WARN_NON_LITERAL_NULL_CONVERSION = YES;
				CLANG_WARN_OBJC_IMPLICIT_RETAIN_SELF = YES;
				CLANG_WARN_OBJC_LITERAL_CONVERSION = YES;
				CLANG_WARN_OBJC_ROOT_CLASS = YES_ERROR;
				CLANG_WARN_QUOTED_INCLUDE_IN_FRAMEWORK_HEADER = YES;
				CLANG_WARN_RANGE_LOOP_ANALYSIS = YES;
				CLANG_WARN_STRICT_PROTOTYPES = YES;
				CLANG_WARN_SUSPICIOUS_MOVE = YES;
				CLANG_WARN_UNGUARDED_AVAILABILITY = YES_AGGRESSIVE;
				CLANG_WARN_UNREACHABLE_CODE = YES;
				CLANG_WARN__DUPLICATE_METHOD_MATCH = YES;
				COPY_PHASE_STRIP = NO;
				DEBUG_INFORMATION_FORMAT = "dwarf-with-dsym";
				ENABLE_NS_ASSERTIONS = NO;
				ENABLE_STRICT_OBJC_MSGSEND = YES;
				ENABLE_USER_SCRIPT_SANDBOXING = YES;
				GCC_C_LANGUAGE_STANDARD = gnu17;
				GCC_NO_COMMON_BLOCKS = YES;
				GCC_WARN_64_TO_32_BIT_CONVERSION = YES;
				GCC_WARN_ABOUT_RETURN_TYPE = YES_ERROR;
				GCC_WARN_UNDECLARED_SELECTOR = YES;
				GCC_WARN_UNINITIALIZED_AUTOS = YES_AGGRESSIVE;
				GCC_WARN_UNUSED_FUNCTION = YES;
				GCC_WARN_UNUSED_VARIABLE = YES;
				LOCALIZATION_PREFERS_STRING_CATALOGS = YES;
				MACOSX_DEPLOYMENT_TARGET = 26.2;
				MTL_ENABLE_DEBUG_INFO = NO;
				MTL_FAST_MATH = YES;
				SDKROOT = macosx;
				SWIFT_COMPILATION_MODE = wholemodule;
			};
			name = Release;
		};
		1D71725F2F5E29DB00D3B3EC /* Debug */ = {
			isa = XCBuildConfiguration;
			buildSettings = {
				CODE_SIGN_STYLE = Automatic;
				CURRENT_PROJECT_VERSION = 1;
				ENABLE_APP_SANDBOX = YES;
				ENABLE_HARDENED_RUNTIME = YES;
				ENABLE_USER_SELECTED_FILES = readonly;
				GENERATE_INFOPLIST_FILE = YES;
				INFOPLIST_FILE = "PBS with BBA Compare Extension/Info.plist";
				INFOPLIST_KEY_CFBundleDisplayName = "PBS with BBA Compare Extension";
				INFOPLIST_KEY_NSHumanReadableCopyright = "";
				LD_RUNPATH_SEARCH_PATHS = (
					"$(inherited)",
					"@executable_path/../Frameworks",
					"@executable_path/../../../../Frameworks",
				);
				MACOSX_DEPLOYMENT_TARGET = 10.14;
				MARKETING_VERSION = 1.0;
				OTHER_LDFLAGS = (
					"-framework",
					SafariServices,
				);
				DEVELOPMENT_TEAM = 8H3FX5B8KD;
				PRODUCT_BUNDLE_IDENTIFIER = "com.rickwilson.PBS-with-BBA-Compare.Extension";
				PRODUCT_NAME = "$(TARGET_NAME)";
				SKIP_INSTALL = YES;
				STRING_CATALOG_GENERATE_SYMBOLS = YES;
				SWIFT_APPROACHABLE_CONCURRENCY = YES;
				SWIFT_EMIT_LOC_STRINGS = YES;
				SWIFT_UPCOMING_FEATURE_MEMBER_IMPORT_VISIBILITY = YES;
				SWIFT_VERSION = 5.0;
			};
			name = Debug;
		};
		1D7172602F5E29DB00D3B3EC /* Release */ = {
			isa = XCBuildConfiguration;
			buildSettings = {
				CODE_SIGN_STYLE = Automatic;
				CURRENT_PROJECT_VERSION = 1;
				ENABLE_APP_SANDBOX = YES;
				ENABLE_HARDENED_RUNTIME = YES;
				ENABLE_USER_SELECTED_FILES = readonly;
				GENERATE_INFOPLIST_FILE = YES;
				INFOPLIST_FILE = "PBS with BBA Compare Extension/Info.plist";
				INFOPLIST_KEY_CFBundleDisplayName = "PBS with BBA Compare Extension";
				INFOPLIST_KEY_NSHumanReadableCopyright = "";
				LD_RUNPATH_SEARCH_PATHS = (
					"$(inherited)",
					"@executable_path/../Frameworks",
					"@executable_path/../../../../Frameworks",
				);
				MACOSX_DEPLOYMENT_TARGET = 10.14;
				MARKETING_VERSION = 1.0;
				OTHER_LDFLAGS = (
					"-framework",
					SafariServices,
				);
				DEVELOPMENT_TEAM = 8H3FX5B8KD;
				PRODUCT_BUNDLE_IDENTIFIER = "com.rickwilson.PBS-with-BBA-Compare.Extension";
				PRODUCT_NAME = "$(TARGET_NAME)";
				SKIP_INSTALL = YES;
				STRING_CATALOG_GENERATE_SYMBOLS = YES;
				SWIFT_APPROACHABLE_CONCURRENCY = YES;
				SWIFT_EMIT_LOC_STRINGS = YES;
				SWIFT_UPCOMING_FEATURE_MEMBER_IMPORT_VISIBILITY = YES;
				SWIFT_VERSION = 5.0;
			};
			name = Release;
		};
		1D7172632F5E29DB00D3B3EC /* Debug */ = {
			isa = XCBuildConfiguration;
			buildSettings = {
				ASSETCATALOG_COMPILER_APPICON_NAME = AppIcon;
				ASSETCATALOG_COMPILER_GLOBAL_ACCENT_COLOR_NAME = AccentColor;
				CODE_SIGN_STYLE = Automatic;
				COMBINE_HIDPI_IMAGES = YES;
				CURRENT_PROJECT_VERSION = 1;
				ENABLE_APP_SANDBOX = YES;
				ENABLE_HARDENED_RUNTIME = YES;
				ENABLE_OUTGOING_NETWORK_CONNECTIONS = YES;
				ENABLE_USER_SELECTED_FILES = readonly;
				GENERATE_INFOPLIST_FILE = YES;
				INFOPLIST_FILE = "PBS with BBA Compare/Info.plist";
				INFOPLIST_KEY_CFBundleDisplayName = "PBS with BBA Compare";
				INFOPLIST_KEY_NSHumanReadableCopyright = "";
				INFOPLIST_KEY_NSMainStoryboardFile = Main;
				INFOPLIST_KEY_NSPrincipalClass = NSApplication;
				LD_RUNPATH_SEARCH_PATHS = (
					"$(inherited)",
					"@executable_path/../Frameworks",
				);
				MARKETING_VERSION = 1.0;
				OTHER_LDFLAGS = (
					"-framework",
					SafariServices,
					"-framework",
					WebKit,
				);
				DEVELOPMENT_TEAM = 8H3FX5B8KD;
				PRODUCT_BUNDLE_IDENTIFIER = "com.rickwilson.PBS-with-BBA-Compare";
				PRODUCT_NAME = "$(TARGET_NAME)";
				REGISTER_APP_GROUPS = YES;
				STRING_CATALOG_GENERATE_SYMBOLS = YES;
				SWIFT_APPROACHABLE_CONCURRENCY = YES;
				SWIFT_DEFAULT_ACTOR_ISOLATION = MainActor;
				SWIFT_EMIT_LOC_STRINGS = YES;
				SWIFT_UPCOMING_FEATURE_MEMBER_IMPORT_VISIBILITY = YES;
				SWIFT_VERSION = 5.0;
			};
			name = Debug;
		};
		1D7172642F5E29DB00D3B3EC /* Release */ = {
			isa = XCBuildConfiguration;
			buildSettings = {
				ASSETCATALOG_COMPILER_APPICON_NAME = AppIcon;
				ASSETCATALOG_COMPILER_GLOBAL_ACCENT_COLOR_NAME = AccentColor;
				CODE_SIGN_STYLE = Automatic;
				COMBINE_HIDPI_IMAGES = YES;
				CURRENT_PROJECT_VERSION = 1;
				ENABLE_APP_SANDBOX = YES;
				ENABLE_HARDENED_RUNTIME = YES;
				ENABLE_OUTGOING_NETWORK_CONNECTIONS = YES;
				ENABLE_USER_SELECTED_FILES = readonly;
				GENERATE_INFOPLIST_FILE = YES;
				INFOPLIST_FILE = "PBS with BBA Compare/Info.plist";
				INFOPLIST_KEY_CFBundleDisplayName = "PBS with BBA Compare";
				INFOPLIST_KEY_NSHumanReadableCopyright = "";
				INFOPLIST_KEY_NSMainStoryboardFile = Main;
				INFOPLIST_KEY_NSPrincipalClass = NSApplication;
				LD_RUNPATH_SEARCH_PATHS = (
					"$(inherited)",
					"@executable_path/../Frameworks",
				);
				MARKETING_VERSION = 1.0;
				OTHER_LDFLAGS = (
					"-framework",
					SafariServices,
					"-framework",
					WebKit,
				);
				DEVELOPMENT_TEAM = 8H3FX5B8KD;
				PRODUCT_BUNDLE_IDENTIFIER = "com.rickwilson.PBS-with-BBA-Compare";
				PRODUCT_NAME = "$(TARGET_NAME)";
				REGISTER_APP_GROUPS = YES;
				STRING_CATALOG_GENERATE_SYMBOLS = YES;
				SWIFT_APPROACHABLE_CONCURRENCY = YES;
				SWIFT_DEFAULT_ACTOR_ISOLATION = MainActor;
				SWIFT_EMIT_LOC_STRINGS = YES;
				SWIFT_UPCOMING_FEATURE_MEMBER_IMPORT_VISIBILITY = YES;
				SWIFT_VERSION = 5.0;
			};
			name = Release;
		};
/* End XCBuildConfiguration section */

/* Begin XCConfigurationList section */
		1D7172342F5E29DB00D3B3EC /* Build configuration list for PBXProject "PBS with BBA Compare" */ = {
			isa = XCConfigurationList;
			buildConfigurations = (
				1D71725C2F5E29DB00D3B3EC /* Debug */,
				1D71725D2F5E29DB00D3B3EC /* Release */,
			);
			defaultConfigurationIsVisible = 0;
			defaultConfigurationName = Release;
		};
		1D71725E2F5E29DB00D3B3EC /* Build configuration list for PBXNativeTarget "PBS with BBA Compare Extension" */ = {
			isa = XCConfigurationList;
			buildConfigurations = (
				1D71725F2F5E29DB00D3B3EC /* Debug */,
				1D7172602F5E29DB00D3B3EC /* Release */,
			);
			defaultConfigurationIsVisible = 0;
			defaultConfigurationName = Release;
		};
		1D7172622F5E29DB00D3B3EC /* Build configuration list for PBXNativeTarget "PBS with BBA Compare" */ = {
			isa = XCConfigurationList;
			buildConfigurations = (
				1D7172632F5E29DB00D3B3EC /* Debug */,
				1D7172642F5E29DB00D3B3EC /* Release */,
			);
			defaultConfigurationIsVisible = 0;
			defaultConfigurationName = Release;
		};
/* End XCConfigurationList section */
	};
	rootObject = 1D7172312F5E29DB00D3B3EC /* Project object */;
}
